
Microsoft Visual Studio Solution File, Format Version 12.00
# Visual Studio Version 17
VisualStudioVersion = 17.8.34316.72
MinimumVisualStudioVersion = 10.0.40219.1
Project("{FAE04EC0-301F-11D3-BF4B-00C04F79EFBC}") = "back-coupons", "back-coupons\back-coupons.csproj", "{8F37A2EB-08AF-4A14-85B4-8CCF14DE3BFA}"
EndProject
Global
	GlobalSection(SolutionConfigurationPlatforms) = preSolution
		Debug|Any CPU = Debug|Any CPU
		Release|Any CPU = Release|Any CPU
	EndGlobalSection
	GlobalSection(ProjectConfigurationPlatforms) = postSolution
		{8F37A2EB-08AF-4A14-85B4-8CCF14DE3BFA}.Debug|Any CPU.ActiveCfg = Debug|Any CPU
		{8F37A2EB-08AF-4A14-85B4-8CCF14DE3BFA}.Debug|Any CPU.Build.0 = Debug|Any CPU
		{8F37A2EB-08AF-4A14-85B4-8CCF14DE3BFA}.Release|Any CPU.ActiveCfg = Release|Any CPU
		{8F37A2EB-08AF-4A14-85B4-8CCF14DE3BFA}.Release|Any CPU.Build.0 = Release|Any CPU
	EndGlobalSection
	GlobalSection(SolutionProperties) = preSolution
		HideSolutionNode = FALSE
	EndGlobalSection
	GlobalSection(ExtensibilityGlobals) = postSolution
		SolutionGuid = {0FC6BAFB-43EB-4FB1-96F1-E51C5C0B5F7C}
	EndGlobalSection
EndGlobal
